
Microsoft Visual Studio Solution File, Format Version 12.00
# Visual Studio Version 17
VisualStudioVersion = 17.14.37012.4 d17.14
MinimumVisualStudioVersion = 10.0.40219.1
Project("{FAE04EC0-301F-11D3-BF4B-00C04F79EFBC}") = "Lab7", "Lab7\Lab7.csproj", "{2382F18F-E6A0-4E7A-B795-EAFF76BD79CF}"
EndProject
Global
	GlobalSection(SolutionConfigurationPlatforms) = preSolution
		Debug|Any CPU = Debug|Any CPU
		Release|Any CPU = Release|Any CPU
	EndGlobalSection
	GlobalSection(ProjectConfigurationPlatforms) = postSolution
		{2382F18F-E6A0-4E7A-B795-EAFF76BD79CF}.Debug|Any CPU.ActiveCfg = Debug|Any CPU
		{2382F18F-E6A0-4E7A-B795-EAFF76BD79CF}.Debug|Any CPU.Build.0 = Debug|Any CPU
		{2382F18F-E6A0-4E7A-B795-EAFF76BD79CF}.Release|Any CPU.ActiveCfg = Release|Any CPU
		{2382F18F-E6A0-4E7A-B795-EAFF76BD79CF}.Release|Any CPU.Build.0 = Release|Any CPU
	EndGlobalSection
	GlobalSection(SolutionProperties) = preSolution
		HideSolutionNode = FALSE
	EndGlobalSection
	GlobalSection(ExtensibilityGlobals) = postSolution
		SolutionGuid = {CB0BCCE0-2B2D-40D9-8728-0FC62F8ECDFB}
	EndGlobalSection
EndGlobal
